
Microsoft Visual Studio Solution File, Format Version 12.00
# Visual Studio Version 17
VisualStudioVersion = 17.0.31903.59
MinimumVisualStudioVersion = 10.0.40219.1
Project("{FAE04EC0-301F-11D3-BF4B-00C04F79EFBC}") = "PatientManager", "PatientManager\PatientManager.csproj", "{62C507B8-3269-4C87-BD03-9CFF3CE9743D}"
EndProject
Project("{2150E333-8FDC-42A3-9474-1A3956D46DE8}") = "Core", "Core", "{464C3A03-62B1-467C-807B-4873E8C272E8}"
EndProject
Project("{2150E333-8FDC-42A3-9474-1A3956D46DE8}") = "Infrastructure", "Infrastructure", "{7B056137-4CD4-4743-959C-6FA013EEC481}"
EndProject
Project("{2150E333-8FDC-42A3-9474-1A3956D46DE8}") = "WebApp", "WebApp", "{78784280-DC8F-4C86-AE18-FC8F40A03802}"
EndProject
Global
	GlobalSection(SolutionConfigurationPlatforms) = preSolution
		Debug|Any CPU = Debug|Any CPU
		Release|Any CPU = Release|Any CPU
	EndGlobalSection
	GlobalSection(ProjectConfigurationPlatforms) = postSolution
		{62C507B8-3269-4C87-BD03-9CFF3CE9743D}.Debug|Any CPU.ActiveCfg = Debug|Any CPU
		{62C507B8-3269-4C87-BD03-9CFF3CE9743D}.Debug|Any CPU.Build.0 = Debug|Any CPU
		{62C507B8-3269-4C87-BD03-9CFF3CE9743D}.Release|Any CPU.ActiveCfg = Release|Any CPU
		{62C507B8-3269-4C87-BD03-9CFF3CE9743D}.Release|Any CPU.Build.0 = Release|Any CPU
	EndGlobalSection
	GlobalSection(SolutionProperties) = preSolution
		HideSolutionNode = FALSE
	EndGlobalSection
EndGlobal
